
Microsoft Visual Studio Solution File, Format Version 12.00
# Visual Studio 15
VisualStudioVersion = 15.0.27428.2015
MinimumVisualStudioVersion = 10.0.40219.1
Project("{FAE04EC0-301F-11D3-BF4B-00C04F79EFBC}") = "BBAuto", "BBAuto\BBAuto.csproj", "{248BB9B6-AA42-4B33-BAC4-E980246EBB98}"
EndProject
Project("{FAE04EC0-301F-11D3-BF4B-00C04F79EFBC}") = "CheckBoxComboBox", "CheckBoxComboBox\CheckBoxComboBox.csproj", "{70A25201-8EA4-48F8-A4A6-ED13ADF8823C}"
EndProject
Project("{00D1A9C2-B5F0-4AF3-8072-F6C62B433612}") = "BBAutoDB", "BBAuto.BBAutoDB\BBAutoDB.sqlproj", "{BCAED834-4958-4A5C-B45B-86D48DCBD5D6}"
EndProject
Project("{FAE04EC0-301F-11D3-BF4B-00C04F79EFBC}") = "BBAuto.Repository", "BBAuto.Repository\BBAuto.Repository.csproj", "{7FCEF0EC-8651-4D9E-9A1D-7DC7C92C2436}"
EndProject
Project("{FAE04EC0-301F-11D3-BF4B-00C04F79EFBC}") = "Common", "Common\Common.csproj", "{CCEFEC04-1E5E-4971-AB56-9EEC7E6B7C40}"
EndProject
Project("{FAE04EC0-301F-11D3-BF4B-00C04F79EFBC}") = "BBAuto.Domain", "BBAuto.Domain\BBAuto.Domain.csproj", "{76A9009C-FABC-4E23-A1A8-7D169666CD3D}"
EndProject
Project("{2150E333-8FDC-42A3-9474-1A3956D46DE8}") = "ConsoleApps", "ConsoleApps", "{2B6C8C2B-7DD7-4D76-B064-B38896012998}"
EndProject
Project("{FAE04EC0-301F-11D3-BF4B-00C04F79EFBC}") = "BBAuto.Loader", "ConsoleApps\BBAuto.Loader\BBAuto.Loader.csproj", "{3759EDB8-3CC0-4B8F-B4B2-393871C7CDF3}"
EndProject
Project("{FAE04EC0-301F-11D3-BF4B-00C04F79EFBC}") = "BBAuto.Sender", "ConsoleApps\BBAuto.Sender\BBAuto.Sender.csproj", "{FD9CC9CD-4D38-44DD-A2B9-CF4D38A340B5}"
EndProject
Global
	GlobalSection(SolutionConfigurationPlatforms) = preSolution
		Debug|Any CPU = Debug|Any CPU
		Debug|x86 = Debug|x86
		Release|Any CPU = Release|Any CPU
		Release|x86 = Release|x86
	EndGlobalSection
	GlobalSection(ProjectConfigurationPlatforms) = postSolution
		{248BB9B6-AA42-4B33-BAC4-E980246EBB98}.Debug|Any CPU.ActiveCfg = Debug|Any CPU
		{248BB9B6-AA42-4B33-BAC4-E980246EBB98}.Debug|Any CPU.Build.0 = Debug|Any CPU
		{248BB9B6-AA42-4B33-BAC4-E980246EBB98}.Debug|x86.ActiveCfg = Debug|Any CPU
		{248BB9B6-AA42-4B33-BAC4-E980246EBB98}.Debug|x86.Build.0 = Debug|Any CPU
		{248BB9B6-AA42-4B33-BAC4-E980246EBB98}.Release|Any CPU.ActiveCfg = Release|Any CPU
		{248BB9B6-AA42-4B33-BAC4-E980246EBB98}.Release|Any CPU.Build.0 = Release|Any CPU
		{248BB9B6-AA42-4B33-BAC4-E980246EBB98}.Release|x86.ActiveCfg = Release|Any CPU
		{248BB9B6-AA42-4B33-BAC4-E980246EBB98}.Release|x86.Build.0 = Release|Any CPU
		{70A25201-8EA4-48F8-A4A6-ED13ADF8823C}.Debug|Any CPU.ActiveCfg = Debug|Any CPU
		{70A25201-8EA4-48F8-A4A6-ED13ADF8823C}.Debug|Any CPU.Build.0 = Debug|Any CPU
		{70A25201-8EA4-48F8-A4A6-ED13ADF8823C}.Debug|x86.ActiveCfg = Debug|Any CPU
		{70A25201-8EA4-48F8-A4A6-ED13ADF8823C}.Debug|x86.Build.0 = Debug|Any CPU
		{70A25201-8EA4-48F8-A4A6-ED13ADF8823C}.Release|Any CPU.ActiveCfg = Release|Any CPU
		{70A25201-8EA4-48F8-A4A6-ED13ADF8823C}.Release|Any CPU.Build.0 = Release|Any CPU
		{70A25201-8EA4-48F8-A4A6-ED13ADF8823C}.Release|x86.ActiveCfg = Release|Any CPU
		{70A25201-8EA4-48F8-A4A6-ED13ADF8823C}.Release|x86.Build.0 = Release|Any CPU
		{BCAED834-4958-4A5C-B45B-86D48DCBD5D6}.Debug|Any CPU.ActiveCfg = Debug|Any CPU
		{BCAED834-4958-4A5C-B45B-86D48DCBD5D6}.Debug|Any CPU.Build.0 = Debug|Any CPU
		{BCAED834-4958-4A5C-B45B-86D48DCBD5D6}.Debug|Any CPU.Deploy.0 = Debug|Any CPU
		{BCAED834-4958-4A5C-B45B-86D48DCBD5D6}.Debug|x86.ActiveCfg = Debug|Any CPU
		{BCAED834-4958-4A5C-B45B-86D48DCBD5D6}.Debug|x86.Build.0 = Debug|Any CPU
		{BCAED834-4958-4A5C-B45B-86D48DCBD5D6}.Debug|x86.Deploy.0 = Debug|Any CPU
		{BCAED834-4958-4A5C-B45B-86D48DCBD5D6}.Release|Any CPU.ActiveCfg = Release|Any CPU
		{BCAED834-4958-4A5C-B45B-86D48DCBD5D6}.Release|Any CPU.Build.0 = Release|Any CPU
		{BCAED834-4958-4A5C-B45B-86D48DCBD5D6}.Release|Any CPU.Deploy.0 = Release|Any CPU
		{BCAED834-4958-4A5C-B45B-86D48DCBD5D6}.Release|x86.ActiveCfg = Release|Any CPU
		{BCAED834-4958-4A5C-B45B-86D48DCBD5D6}.Release|x86.Build.0 = Release|Any CPU
		{BCAED834-4958-4A5C-B45B-86D48DCBD5D6}.Release|x86.Deploy.0 = Release|Any CPU
		{7FCEF0EC-8651-4D9E-9A1D-7DC7C92C2436}.Debug|Any CPU.ActiveCfg = Debug|Any CPU
		{7FCEF0EC-8651-4D9E-9A1D-7DC7C92C2436}.Debug|Any CPU.Build.0 = Debug|Any CPU
		{7FCEF0EC-8651-4D9E-9A1D-7DC7C92C2436}.Debug|x86.ActiveCfg = Debug|Any CPU
		{7FCEF0EC-8651-4D9E-9A1D-7DC7C92C2436}.Debug|x86.Build.0 = Debug|Any CPU
		{7FCEF0EC-8651-4D9E-9A1D-7DC7C92C2436}.Release|Any CPU.ActiveCfg = Release|Any CPU
		{7FCEF0EC-8651-4D9E-9A1D-7DC7C92C2436}.Release|Any CPU.Build.0 = Release|Any CPU
		{7FCEF0EC-8651-4D9E-9A1D-7DC7C92C2436}.Release|x86.ActiveCfg = Release|Any CPU
		{7FCEF0EC-8651-4D9E-9A1D-7DC7C92C2436}.Release|x86.Build.0 = Release|Any CPU
		{CCEFEC04-1E5E-4971-AB56-9EEC7E6B7C40}.Debug|Any CPU.ActiveCfg = Debug|Any CPU
		{CCEFEC04-1E5E-4971-AB56-9EEC7E6B7C40}.Debug|Any CPU.Build.0 = Debug|Any CPU
		{CCEFEC04-1E5E-4971-AB56-9EEC7E6B7C40}.Debug|x86.ActiveCfg = Debug|Any CPU
		{CCEFEC04-1E5E-4971-AB56-9EEC7E6B7C40}.Debug|x86.Build.0 = Debug|Any CPU
		{CCEFEC04-1E5E-4971-AB56-9EEC7E6B7C40}.Release|Any CPU.ActiveCfg = Release|Any CPU
		{CCEFEC04-1E5E-4971-AB56-9EEC7E6B7C40}.Release|Any CPU.Build.0 = Release|Any CPU
		{CCEFEC04-1E5E-4971-AB56-9EEC7E6B7C40}.Release|x86.ActiveCfg = Release|Any CPU
		{CCEFEC04-1E5E-4971-AB56-9EEC7E6B7C40}.Release|x86.Build.0 = Release|Any CPU
		{76A9009C-FABC-4E23-A1A8-7D169666CD3D}.Debug|Any CPU.ActiveCfg = Debug|Any CPU
		{76A9009C-FABC-4E23-A1A8-7D169666CD3D}.Debug|Any CPU.Build.0 = Debug|Any CPU
		{76A9009C-FABC-4E23-A1A8-7D169666CD3D}.Debug|x86.ActiveCfg = Debug|Any CPU
		{76A9009C-FABC-4E23-A1A8-7D169666CD3D}.Debug|x86.Build.0 = Debug|Any CPU
		{76A9009C-FABC-4E23-A1A8-7D169666CD3D}.Release|Any CPU.ActiveCfg = Release|Any CPU
		{76A9009C-FABC-4E23-A1A8-7D169666CD3D}.Release|Any CPU.Build.0 = Release|Any CPU
		{76A9009C-FABC-4E23-A1A8-7D169666CD3D}.Release|x86.ActiveCfg = Release|Any CPU
		{76A9009C-FABC-4E23-A1A8-7D169666CD3D}.Release|x86.Build.0 = Release|Any CPU
		{3759EDB8-3CC0-4B8F-B4B2-393871C7CDF3}.Debug|Any CPU.ActiveCfg = Debug|Any CPU
		{3759EDB8-3CC0-4B8F-B4B2-393871C7CDF3}.Debug|Any CPU.Build.0 = Debug|Any CPU
		{3759EDB8-3CC0-4B8F-B4B2-393871C7CDF3}.Debug|x86.ActiveCfg = Debug|Any CPU
		{3759EDB8-3CC0-4B8F-B4B2-393871C7CDF3}.Debug|x86.Build.0 = Debug|Any CPU
		{3759EDB8-3CC0-4B8F-B4B2-393871C7CDF3}.Release|Any CPU.ActiveCfg = Release|Any CPU
		{3759EDB8-3CC0-4B8F-B4B2-393871C7CDF3}.Release|Any CPU.Build.0 = Release|Any CPU
		{3759EDB8-3CC0-4B8F-B4B2-393871C7CDF3}.Release|x86.ActiveCfg = Release|Any CPU
		{3759EDB8-3CC0-4B8F-B4B2-393871C7CDF3}.Release|x86.Build.0 = Release|Any CPU
		{FD9CC9CD-4D38-44DD-A2B9-CF4D38A340B5}.Debug|Any CPU.ActiveCfg = Debug|Any CPU
		{FD9CC9CD-4D38-44DD-A2B9-CF4D38A340B5}.Debug|Any CPU.Build.0 = Debug|Any CPU
		{FD9CC9CD-4D38-44DD-A2B9-CF4D38A340B5}.Debug|x86.ActiveCfg = Debug|x86
		{FD9CC9CD-4D38-44DD-A2B9-CF4D38A340B5}.Debug|x86.Build.0 = Debug|x86
		{FD9CC9CD-4D38-44DD-A2B9-CF4D38A340B5}.Release|Any CPU.ActiveCfg = Release|Any CPU
		{FD9CC9CD-4D38-44DD-A2B9-CF4D38A340B5}.Release|Any CPU.Build.0 = Release|Any CPU
		{FD9CC9CD-4D38-44DD-A2B9-CF4D38A340B5}.Release|x86.ActiveCfg = Release|x86
		{FD9CC9CD-4D38-44DD-A2B9-CF4D38A340B5}.Release|x86.Build.0 = Release|x86
	EndGlobalSection
	GlobalSection(SolutionProperties) = preSolution
		HideSolutionNode = FALSE
	EndGlobalSection
	GlobalSection(NestedProjects) = preSolution
		{3759EDB8-3CC0-4B8F-B4B2-393871C7CDF3} = {2B6C8C2B-7DD7-4D76-B064-B38896012998}
		{FD9CC9CD-4D38-44DD-A2B9-CF4D38A340B5} = {2B6C8C2B-7DD7-4D76-B064-B38896012998}
	EndGlobalSection
	GlobalSection(ExtensibilityGlobals) = postSolution
		SolutionGuid = {63C94CA6-AEDB-4D78-85CB-4E621C8F2E64}
	EndGlobalSection
EndGlobal
